
Microsoft Visual Studio Solution File, Format Version 12.00
# Visual Studio Version 17
VisualStudioVersion = 17.9.34622.214
MinimumVisualStudioVersion = 10.0.40219.1
Project("{8BC9CEB8-8B4A-11D0-8D11-00A0C91BC942}") = "9lab", "9lab\9lab.vcxproj", "{1B2ECCC1-1829-4A9B-8506-718459038A59}"
EndProject
Global
	GlobalSection(SolutionConfigurationPlatforms) = preSolution
		Debug|x64 = Debug|x64
		Debug|x86 = Debug|x86
		Release|x64 = Release|x64
		Release|x86 = Release|x86
	EndGlobalSection
	GlobalSection(ProjectConfigurationPlatforms) = postSolution
		{1B2ECCC1-1829-4A9B-8506-718459038A59}.Debug|x64.ActiveCfg = Debug|x64
		{1B2ECCC1-1829-4A9B-8506-718459038A59}.Debug|x64.Build.0 = Debug|x64
		{1B2ECCC1-1829-4A9B-8506-718459038A59}.Debug|x86.ActiveCfg = Debug|Win32
		{1B2ECCC1-1829-4A9B-8506-718459038A59}.Debug|x86.Build.0 = Debug|Win32
		{1B2ECCC1-1829-4A9B-8506-718459038A59}.Release|x64.ActiveCfg = Release|x64
		{1B2ECCC1-1829-4A9B-8506-718459038A59}.Release|x64.Build.0 = Release|x64
		{1B2ECCC1-1829-4A9B-8506-718459038A59}.Release|x86.ActiveCfg = Release|Win32
		{1B2ECCC1-1829-4A9B-8506-718459038A59}.Release|x86.Build.0 = Release|Win32
	EndGlobalSection
	GlobalSection(SolutionProperties) = preSolution
		HideSolutionNode = FALSE
	EndGlobalSection
	GlobalSection(ExtensibilityGlobals) = postSolution
		SolutionGuid = {B258D4BB-41C6-4C1E-9463-197D898FAE33}
	EndGlobalSection
EndGlobal
